
Microsoft Visual Studio Solution File, Format Version 12.00
# Visual Studio Version 17
VisualStudioVersion = 17.3.32825.248
MinimumVisualStudioVersion = 10.0.40219.1
Project("{9A19103F-16F7-4668-BE54-9A1E7A4F7556}") = "03 Branje podatkov", "Branje podatkov\03 Branje podatkov.csproj", "{8BEECFFC-B240-4C7C-B5EF-E2DFA4B70DFA}"
EndProject
Project("{9A19103F-16F7-4668-BE54-9A1E7A4F7556}") = "04 Pogojni stavki", "Pogojni stavki\04 Pogojni stavki.csproj", "{7B817B9A-33C3-4F81-B0BC-270C51F8DF1B}"
EndProject
Project("{9A19103F-16F7-4668-BE54-9A1E7A4F7556}") = "05.1 Prastevila", "Prastevila\05.1 Prastevila.csproj", "{79158D4C-7C79-445A-970E-25B427534C4B}"
EndProject
Project("{9A19103F-16F7-4668-BE54-9A1E7A4F7556}") = "0 Razne vaje", "Razne vaje\0 Razne vaje.csproj", "{899C0481-C9FC-4E16-A92E-C6F93A6495E5}"
EndProject
Project("{9A19103F-16F7-4668-BE54-9A1E7A4F7556}") = "05 Zanke", "Zanke\05 Zanke.csproj", "{8AE26A14-04AF-45C9-B5F8-ABD9842C1703}"
EndProject
Project("{9A19103F-16F7-4668-BE54-9A1E7A4F7556}") = "06 Tabele-1D", "Tabele-1D\06 Tabele-1D.csproj", "{2559DD5B-F9EB-40C0-9EB4-07C9B9142355}"
EndProject
Project("{9A19103F-16F7-4668-BE54-9A1E7A4F7556}") = "07 Tabele-2D", "Tabele-2D\07 Tabele-2D.csproj", "{EE4B6135-CA45-41C1-96F8-CED95A8DF3EE}"
EndProject
Project("{9A19103F-16F7-4668-BE54-9A1E7A4F7556}") = "07.1 PascalovTrikotnik", "PascalovTrikotnik\07.1 PascalovTrikotnik.csproj", "{33475F85-DDC9-4016-8EC0-0015B2461F07}"
EndProject
Project("{9A19103F-16F7-4668-BE54-9A1E7A4F7556}") = "08 Nizi", "Nizi\08 Nizi.csproj", "{324D3697-298D-4095-BE5E-254E55170122}"
EndProject
Project("{9A19103F-16F7-4668-BE54-9A1E7A4F7556}") = "09 Metode", "Metode\09 Metode.csproj", "{8D9560FF-D717-4A20-B53B-680AFA8934D9}"
EndProject
Project("{9A19103F-16F7-4668-BE54-9A1E7A4F7556}") = "10 Datoteke - Vaja 1", "10 Datoteke - Vaja 1\10 Datoteke - Vaja 1.csproj", "{7626DC91-BEB7-4D17-8533-4CAA7D4A9F03}"
EndProject
Project("{9A19103F-16F7-4668-BE54-9A1E7A4F7556}") = "11 Branje datotek", "11 Branje datotek\11 Branje datotek.csproj", "{15BF795E-947F-487E-8334-F96EEB1C10BB}"
EndProject
Project("{FAE04EC0-301F-11D3-BF4B-00C04F79EFBC}") = "12 OOP", "OOP\12 OOP.csproj", "{909473FC-97E9-4301-A419-7FCE2AB1C3CD}"
EndProject
Global
	GlobalSection(SolutionConfigurationPlatforms) = preSolution
		Debug|Any CPU = Debug|Any CPU
		Release|Any CPU = Release|Any CPU
	EndGlobalSection
	GlobalSection(ProjectConfigurationPlatforms) = postSolution
		{8BEECFFC-B240-4C7C-B5EF-E2DFA4B70DFA}.Debug|Any CPU.ActiveCfg = Debug|Any CPU
		{8BEECFFC-B240-4C7C-B5EF-E2DFA4B70DFA}.Debug|Any CPU.Build.0 = Debug|Any CPU
		{8BEECFFC-B240-4C7C-B5EF-E2DFA4B70DFA}.Release|Any CPU.ActiveCfg = Release|Any CPU
		{8BEECFFC-B240-4C7C-B5EF-E2DFA4B70DFA}.Release|Any CPU.Build.0 = Release|Any CPU
		{7B817B9A-33C3-4F81-B0BC-270C51F8DF1B}.Debug|Any CPU.ActiveCfg = Debug|Any CPU
		{7B817B9A-33C3-4F81-B0BC-270C51F8DF1B}.Debug|Any CPU.Build.0 = Debug|Any CPU
		{7B817B9A-33C3-4F81-B0BC-270C51F8DF1B}.Release|Any CPU.ActiveCfg = Release|Any CPU
		{7B817B9A-33C3-4F81-B0BC-270C51F8DF1B}.Release|Any CPU.Build.0 = Release|Any CPU
		{79158D4C-7C79-445A-970E-25B427534C4B}.Debug|Any CPU.ActiveCfg = Debug|Any CPU
		{79158D4C-7C79-445A-970E-25B427534C4B}.Debug|Any CPU.Build.0 = Debug|Any CPU
		{79158D4C-7C79-445A-970E-25B427534C4B}.Release|Any CPU.ActiveCfg = Release|Any CPU
		{79158D4C-7C79-445A-970E-25B427534C4B}.Release|Any CPU.Build.0 = Release|Any CPU
		{899C0481-C9FC-4E16-A92E-C6F93A6495E5}.Debug|Any CPU.ActiveCfg = Debug|Any CPU
		{899C0481-C9FC-4E16-A92E-C6F93A6495E5}.Debug|Any CPU.Build.0 = Debug|Any CPU
		{899C0481-C9FC-4E16-A92E-C6F93A6495E5}.Release|Any CPU.ActiveCfg = Release|Any CPU
		{899C0481-C9FC-4E16-A92E-C6F93A6495E5}.Release|Any CPU.Build.0 = Release|Any CPU
		{8AE26A14-04AF-45C9-B5F8-ABD9842C1703}.Debug|Any CPU.ActiveCfg = Debug|Any CPU
		{8AE26A14-04AF-45C9-B5F8-ABD9842C1703}.Debug|Any CPU.Build.0 = Debug|Any CPU
		{8AE26A14-04AF-45C9-B5F8-ABD9842C1703}.Release|Any CPU.ActiveCfg = Release|Any CPU
		{8AE26A14-04AF-45C9-B5F8-ABD9842C1703}.Release|Any CPU.Build.0 = Release|Any CPU
		{2559DD5B-F9EB-40C0-9EB4-07C9B9142355}.Debug|Any CPU.ActiveCfg = Debug|Any CPU
		{2559DD5B-F9EB-40C0-9EB4-07C9B9142355}.Debug|Any CPU.Build.0 = Debug|Any CPU
		{2559DD5B-F9EB-40C0-9EB4-07C9B9142355}.Release|Any CPU.ActiveCfg = Release|Any CPU
		{2559DD5B-F9EB-40C0-9EB4-07C9B9142355}.Release|Any CPU.Build.0 = Release|Any CPU
		{EE4B6135-CA45-41C1-96F8-CED95A8DF3EE}.Debug|Any CPU.ActiveCfg = Debug|Any CPU
		{EE4B6135-CA45-41C1-96F8-CED95A8DF3EE}.Debug|Any CPU.Build.0 = Debug|Any CPU
		{EE4B6135-CA45-41C1-96F8-CED95A8DF3EE}.Release|Any CPU.ActiveCfg = Release|Any CPU
		{EE4B6135-CA45-41C1-96F8-CED95A8DF3EE}.Release|Any CPU.Build.0 = Release|Any CPU
		{33475F85-DDC9-4016-8EC0-0015B2461F07}.Debug|Any CPU.ActiveCfg = Debug|Any CPU
		{33475F85-DDC9-4016-8EC0-0015B2461F07}.Debug|Any CPU.Build.0 = Debug|Any CPU
		{33475F85-DDC9-4016-8EC0-0015B2461F07}.Release|Any CPU.ActiveCfg = Release|Any CPU
		{33475F85-DDC9-4016-8EC0-0015B2461F07}.Release|Any CPU.Build.0 = Release|Any CPU
		{324D3697-298D-4095-BE5E-254E55170122}.Debug|Any CPU.ActiveCfg = Debug|Any CPU
		{324D3697-298D-4095-BE5E-254E55170122}.Debug|Any CPU.Build.0 = Debug|Any CPU
		{324D3697-298D-4095-BE5E-254E55170122}.Release|Any CPU.ActiveCfg = Release|Any CPU
		{324D3697-298D-4095-BE5E-254E55170122}.Release|Any CPU.Build.0 = Release|Any CPU
		{8D9560FF-D717-4A20-B53B-680AFA8934D9}.Debug|Any CPU.ActiveCfg = Debug|Any CPU
		{8D9560FF-D717-4A20-B53B-680AFA8934D9}.Debug|Any CPU.Build.0 = Debug|Any CPU
		{8D9560FF-D717-4A20-B53B-680AFA8934D9}.Release|Any CPU.ActiveCfg = Release|Any CPU
		{8D9560FF-D717-4A20-B53B-680AFA8934D9}.Release|Any CPU.Build.0 = Release|Any CPU
		{7626DC91-BEB7-4D17-8533-4CAA7D4A9F03}.Debug|Any CPU.ActiveCfg = Debug|Any CPU
		{7626DC91-BEB7-4D17-8533-4CAA7D4A9F03}.Debug|Any CPU.Build.0 = Debug|Any CPU
		{7626DC91-BEB7-4D17-8533-4CAA7D4A9F03}.Release|Any CPU.ActiveCfg = Release|Any CPU
		{7626DC91-BEB7-4D17-8533-4CAA7D4A9F03}.Release|Any CPU.Build.0 = Release|Any CPU
		{15BF795E-947F-487E-8334-F96EEB1C10BB}.Debug|Any CPU.ActiveCfg = Debug|Any CPU
		{15BF795E-947F-487E-8334-F96EEB1C10BB}.Debug|Any CPU.Build.0 = Debug|Any CPU
		{15BF795E-947F-487E-8334-F96EEB1C10BB}.Release|Any CPU.ActiveCfg = Release|Any CPU
		{15BF795E-947F-487E-8334-F96EEB1C10BB}.Release|Any CPU.Build.0 = Release|Any CPU
		{909473FC-97E9-4301-A419-7FCE2AB1C3CD}.Debug|Any CPU.ActiveCfg = Debug|Any CPU
		{909473FC-97E9-4301-A419-7FCE2AB1C3CD}.Debug|Any CPU.Build.0 = Debug|Any CPU
		{909473FC-97E9-4301-A419-7FCE2AB1C3CD}.Release|Any CPU.ActiveCfg = Release|Any CPU
		{909473FC-97E9-4301-A419-7FCE2AB1C3CD}.Release|Any CPU.Build.0 = Release|Any CPU
	EndGlobalSection
	GlobalSection(SolutionProperties) = preSolution
		HideSolutionNode = FALSE
	EndGlobalSection
	GlobalSection(ExtensibilityGlobals) = postSolution
		SolutionGuid = {6C6591F3-83A1-4DCC-84B0-762E005F63D3}
	EndGlobalSection
EndGlobal
